
Microsoft Visual Studio Solution File, Format Version 12.00
# Visual Studio 14
VisualStudioVersion = 14.0.25420.1
MinimumVisualStudioVersion = 10.0.40219.1
Project("{2150E333-8FDC-42A3-9474-1A3956D46DE8}") = "src", "src", "{7BBD0354-3940-48E8-A26F-071B0F9B9198}"
EndProject
Project("{2150E333-8FDC-42A3-9474-1A3956D46DE8}") = "Solution Items", "Solution Items", "{6946D1DE-DD66-4741-BEBC-6CDE4D423CB1}"
	ProjectSection(SolutionItems) = preProject
		global.json = global.json
	EndProjectSection
EndProject
Project("{8BB2217D-0F2D-49D1-97BC-3654ED321F3B}") = "NancyFileUpload", "src\NancyFileUpload\NancyFileUpload.xproj", "{A445971E-E33B-4DF6-8137-B5A4E99DB309}"
EndProject
Project("{8BB2217D-0F2D-49D1-97BC-3654ED321F3B}") = "NancyFileUpload.Test", "src\NancyFileUpload.Test\NancyFileUpload.Test.xproj", "{E9EBC043-0071-44D4-887B-A6D6D181FD99}"
EndProject
Global
	GlobalSection(SolutionConfigurationPlatforms) = preSolution
		Debug|Any CPU = Debug|Any CPU
		Release|Any CPU = Release|Any CPU
	EndGlobalSection
	GlobalSection(ProjectConfigurationPlatforms) = postSolution
		{A445971E-E33B-4DF6-8137-B5A4E99DB309}.Debug|Any CPU.ActiveCfg = Debug|Any CPU
		{A445971E-E33B-4DF6-8137-B5A4E99DB309}.Debug|Any CPU.Build.0 = Debug|Any CPU
		{A445971E-E33B-4DF6-8137-B5A4E99DB309}.Release|Any CPU.ActiveCfg = Release|Any CPU
		{A445971E-E33B-4DF6-8137-B5A4E99DB309}.Release|Any CPU.Build.0 = Release|Any CPU
		{E9EBC043-0071-44D4-887B-A6D6D181FD99}.Debug|Any CPU.ActiveCfg = Debug|Any CPU
		{E9EBC043-0071-44D4-887B-A6D6D181FD99}.Debug|Any CPU.Build.0 = Debug|Any CPU
		{E9EBC043-0071-44D4-887B-A6D6D181FD99}.Release|Any CPU.ActiveCfg = Release|Any CPU
		{E9EBC043-0071-44D4-887B-A6D6D181FD99}.Release|Any CPU.Build.0 = Release|Any CPU
	EndGlobalSection
	GlobalSection(SolutionProperties) = preSolution
		HideSolutionNode = FALSE
	EndGlobalSection
	GlobalSection(NestedProjects) = preSolution
		{A445971E-E33B-4DF6-8137-B5A4E99DB309} = {7BBD0354-3940-48E8-A26F-071B0F9B9198}
		{E9EBC043-0071-44D4-887B-A6D6D181FD99} = {7BBD0354-3940-48E8-A26F-071B0F9B9198}
	EndGlobalSection
EndGlobal
